# This file is automatically @generated by Cargo.
# It is not intended for manual editing.
version = 4

[[package]]
name = "blaze_app"
version = "0.1.0"
dependencies = [
 "blaze_core",
 "blaze_sim",
]

[[package]]
name = "blaze_core"
version = "0.1.0"

[[package]]
name = "blaze_sim"
version = "0.1.0"
dependencies = [
 "blaze_core",
]
